
Microsoft Visual Studio Solution File, Format Version 12.00
# Visual Studio Version 17
VisualStudioVersion = 17.0.31903.59
MinimumVisualStudioVersion = 10.0.40219.1
Project("{2150E333-8FDC-42A3-9474-1A3956D46DE8}") = "src", "src", "{827E0CD3-B72D-47B6-A68D-7590B98EB39B}"
EndProject
Project("{FAE04EC0-301F-11D3-BF4B-00C04F79EFBC}") = "TenantManager.App", "src\TenantManager.App\TenantManager.App.csproj", "{DE41CE93-3276-4C22-AE8C-5206C4A80BEF}"
EndProject
Project("{2150E333-8FDC-42A3-9474-1A3956D46DE8}") = "tests", "tests", "{0AB3BF05-4346-4AA6-1389-037BE0695223}"
EndProject
Project("{FAE04EC0-301F-11D3-BF4B-00C04F79EFBC}") = "TenantManager.Tests", "tests\TenantManager.Tests\TenantManager.Tests.csproj", "{8C1BDF78-FDCB-401E-91EB-4305271F613A}"
EndProject
Project("{FAE04EC0-301F-11D3-BF4B-00C04F79EFBC}") = "TenantManager.Core", "src\TenantManager.Core\TenantManager.Core.csproj", "{6DA24FD2-A62A-4969-912D-BE8A493FA14E}"
EndProject
Project("{FAE04EC0-301F-11D3-BF4B-00C04F79EFBC}") = "TenantManager.Evaluation", "src\TenantManager.Evaluation\TenantManager.Evaluation.csproj", "{D893415D-A48D-493A-835B-B7F939463EFD}"
EndProject
Project("{FAE04EC0-301F-11D3-BF4B-00C04F79EFBC}") = "TenantManager.Evaluation.Tests", "tests\TenantManager.Evaluation.Tests\TenantManager.Evaluation.Tests.csproj", "{8D971C4C-E202-4FAC-A21A-FB660CAF8CF5}"
EndProject
Global
	GlobalSection(SolutionConfigurationPlatforms) = preSolution
		Debug|Any CPU = Debug|Any CPU
		Debug|x64 = Debug|x64
		Debug|x86 = Debug|x86
		Release|Any CPU = Release|Any CPU
		Release|x64 = Release|x64
		Release|x86 = Release|x86
	EndGlobalSection
	GlobalSection(ProjectConfigurationPlatforms) = postSolution
		{DE41CE93-3276-4C22-AE8C-5206C4A80BEF}.Debug|Any CPU.ActiveCfg = Debug|Any CPU
		{DE41CE93-3276-4C22-AE8C-5206C4A80BEF}.Debug|Any CPU.Build.0 = Debug|Any CPU
		{DE41CE93-3276-4C22-AE8C-5206C4A80BEF}.Debug|x64.ActiveCfg = Debug|Any CPU
		{DE41CE93-3276-4C22-AE8C-5206C4A80BEF}.Debug|x64.Build.0 = Debug|Any CPU
		{DE41CE93-3276-4C22-AE8C-5206C4A80BEF}.Debug|x86.ActiveCfg = Debug|Any CPU
		{DE41CE93-3276-4C22-AE8C-5206C4A80BEF}.Debug|x86.Build.0 = Debug|Any CPU
		{DE41CE93-3276-4C22-AE8C-5206C4A80BEF}.Release|Any CPU.ActiveCfg = Release|Any CPU
		{DE41CE93-3276-4C22-AE8C-5206C4A80BEF}.Release|Any CPU.Build.0 = Release|Any CPU
		{DE41CE93-3276-4C22-AE8C-5206C4A80BEF}.Release|x64.ActiveCfg = Release|Any CPU
		{DE41CE93-3276-4C22-AE8C-5206C4A80BEF}.Release|x64.Build.0 = Release|Any CPU
		{DE41CE93-3276-4C22-AE8C-5206C4A80BEF}.Release|x86.ActiveCfg = Release|Any CPU
		{DE41CE93-3276-4C22-AE8C-5206C4A80BEF}.Release|x86.Build.0 = Release|Any CPU
		{8C1BDF78-FDCB-401E-91EB-4305271F613A}.Debug|Any CPU.ActiveCfg = Debug|Any CPU
		{8C1BDF78-FDCB-401E-91EB-4305271F613A}.Debug|Any CPU.Build.0 = Debug|Any CPU
		{8C1BDF78-FDCB-401E-91EB-4305271F613A}.Debug|x64.ActiveCfg = Debug|Any CPU
		{8C1BDF78-FDCB-401E-91EB-4305271F613A}.Debug|x64.Build.0 = Debug|Any CPU
		{8C1BDF78-FDCB-401E-91EB-4305271F613A}.Debug|x86.ActiveCfg = Debug|Any CPU
		{8C1BDF78-FDCB-401E-91EB-4305271F613A}.Debug|x86.Build.0 = Debug|Any CPU
		{8C1BDF78-FDCB-401E-91EB-4305271F613A}.Release|Any CPU.ActiveCfg = Release|Any CPU
		{8C1BDF78-FDCB-401E-91EB-4305271F613A}.Release|Any CPU.Build.0 = Release|Any CPU
		{8C1BDF78-FDCB-401E-91EB-4305271F613A}.Release|x64.ActiveCfg = Release|Any CPU
		{8C1BDF78-FDCB-401E-91EB-4305271F613A}.Release|x64.Build.0 = Release|Any CPU
		{8C1BDF78-FDCB-401E-91EB-4305271F613A}.Release|x86.ActiveCfg = Release|Any CPU
		{8C1BDF78-FDCB-401E-91EB-4305271F613A}.Release|x86.Build.0 = Release|Any CPU
		{6DA24FD2-A62A-4969-912D-BE8A493FA14E}.Debug|Any CPU.ActiveCfg = Debug|Any CPU
		{6DA24FD2-A62A-4969-912D-BE8A493FA14E}.Debug|Any CPU.Build.0 = Debug|Any CPU
		{6DA24FD2-A62A-4969-912D-BE8A493FA14E}.Debug|x64.ActiveCfg = Debug|Any CPU
		{6DA24FD2-A62A-4969-912D-BE8A493FA14E}.Debug|x64.Build.0 = Debug|Any CPU
		{6DA24FD2-A62A-4969-912D-BE8A493FA14E}.Debug|x86.ActiveCfg = Debug|Any CPU
		{6DA24FD2-A62A-4969-912D-BE8A493FA14E}.Debug|x86.Build.0 = Debug|Any CPU
		{6DA24FD2-A62A-4969-912D-BE8A493FA14E}.Release|Any CPU.ActiveCfg = Release|Any CPU
		{6DA24FD2-A62A-4969-912D-BE8A493FA14E}.Release|Any CPU.Build.0 = Release|Any CPU
		{6DA24FD2-A62A-4969-912D-BE8A493FA14E}.Release|x64.ActiveCfg = Release|Any CPU
		{6DA24FD2-A62A-4969-912D-BE8A493FA14E}.Release|x64.Build.0 = Release|Any CPU
		{6DA24FD2-A62A-4969-912D-BE8A493FA14E}.Release|x86.ActiveCfg = Release|Any CPU
		{6DA24FD2-A62A-4969-912D-BE8A493FA14E}.Release|x86.Build.0 = Release|Any CPU
		{D893415D-A48D-493A-835B-B7F939463EFD}.Debug|Any CPU.ActiveCfg = Debug|Any CPU
		{D893415D-A48D-493A-835B-B7F939463EFD}.Debug|Any CPU.Build.0 = Debug|Any CPU
		{D893415D-A48D-493A-835B-B7F939463EFD}.Debug|x64.ActiveCfg = Debug|Any CPU
		{D893415D-A48D-493A-835B-B7F939463EFD}.Debug|x64.Build.0 = Debug|Any CPU
		{D893415D-A48D-493A-835B-B7F939463EFD}.Debug|x86.ActiveCfg = Debug|Any CPU
		{D893415D-A48D-493A-835B-B7F939463EFD}.Debug|x86.Build.0 = Debug|Any CPU
		{D893415D-A48D-493A-835B-B7F939463EFD}.Release|Any CPU.ActiveCfg = Release|Any CPU
		{D893415D-A48D-493A-835B-B7F939463EFD}.Release|Any CPU.Build.0 = Release|Any CPU
		{D893415D-A48D-493A-835B-B7F939463EFD}.Release|x64.ActiveCfg = Release|Any CPU
		{D893415D-A48D-493A-835B-B7F939463EFD}.Release|x64.Build.0 = Release|Any CPU
		{D893415D-A48D-493A-835B-B7F939463EFD}.Release|x86.ActiveCfg = Release|Any CPU
		{D893415D-A48D-493A-835B-B7F939463EFD}.Release|x86.Build.0 = Release|Any CPU
		{8D971C4C-E202-4FAC-A21A-FB660CAF8CF5}.Debug|Any CPU.ActiveCfg = Debug|Any CPU
		{8D971C4C-E202-4FAC-A21A-FB660CAF8CF5}.Debug|Any CPU.Build.0 = Debug|Any CPU
		{8D971C4C-E202-4FAC-A21A-FB660CAF8CF5}.Debug|x64.ActiveCfg = Debug|Any CPU
		{8D971C4C-E202-4FAC-A21A-FB660CAF8CF5}.Debug|x64.Build.0 = Debug|Any CPU
		{8D971C4C-E202-4FAC-A21A-FB660CAF8CF5}.Debug|x86.ActiveCfg = Debug|Any CPU
		{8D971C4C-E202-4FAC-A21A-FB660CAF8CF5}.Debug|x86.Build.0 = Debug|Any CPU
		{8D971C4C-E202-4FAC-A21A-FB660CAF8CF5}.Release|Any CPU.ActiveCfg = Release|Any CPU
		{8D971C4C-E202-4FAC-A21A-FB660CAF8CF5}.Release|Any CPU.Build.0 = Release|Any CPU
		{8D971C4C-E202-4FAC-A21A-FB660CAF8CF5}.Release|x64.ActiveCfg = Release|Any CPU
		{8D971C4C-E202-4FAC-A21A-FB660CAF8CF5}.Release|x64.Build.0 = Release|Any CPU
		{8D971C4C-E202-4FAC-A21A-FB660CAF8CF5}.Release|x86.ActiveCfg = Release|Any CPU
		{8D971C4C-E202-4FAC-A21A-FB660CAF8CF5}.Release|x86.Build.0 = Release|Any CPU
	EndGlobalSection
	GlobalSection(SolutionProperties) = preSolution
		HideSolutionNode = FALSE
	EndGlobalSection
	GlobalSection(NestedProjects) = preSolution
		{DE41CE93-3276-4C22-AE8C-5206C4A80BEF} = {827E0CD3-B72D-47B6-A68D-7590B98EB39B}
		{8C1BDF78-FDCB-401E-91EB-4305271F613A} = {0AB3BF05-4346-4AA6-1389-037BE0695223}
		{6DA24FD2-A62A-4969-912D-BE8A493FA14E} = {827E0CD3-B72D-47B6-A68D-7590B98EB39B}
		{D893415D-A48D-493A-835B-B7F939463EFD} = {827E0CD3-B72D-47B6-A68D-7590B98EB39B}
		{8D971C4C-E202-4FAC-A21A-FB660CAF8CF5} = {0AB3BF05-4346-4AA6-1389-037BE0695223}
	EndGlobalSection
EndGlobal
